// !$*UTF8*$!
{
	archiveVersion = 1;
	classes = {
	};
	objectVersion = 50;
	objects = {

/* Begin PBXBuildFile section */
		62983FD37B9651AB97044FCD /* Pods_NimNim.framework in Frameworks */ = {isa = PBXBuildFile; fileRef = C74D617266EB18FBEEAA0F80 /* Pods_NimNim.framework */; };
		AC092FCA232F5AFB00FE1B77 /* NavDrawer.storyboard in Resources */ = {isa = PBXBuildFile; fileRef = AC092FC9232F5AFB00FE1B77 /* NavDrawer.storyboard */; };
		AC092FCC232F5B2500FE1B77 /* NavDrawerViewController.swift in Sources */ = {isa = PBXBuildFile; fileRef = AC092FCB232F5B2500FE1B77 /* NavDrawerViewController.swift */; };
		AC092FCE232F606F00FE1B77 /* NavDrawerTableViewCell.swift in Sources */ = {isa = PBXBuildFile; fileRef = AC092FCD232F606F00FE1B77 /* NavDrawerTableViewCell.swift */; };
		AC0BD3E2233B6BC7000746D1 /* NonServiceable.swift in Sources */ = {isa = PBXBuildFile; fileRef = AC0BD3E1233B6BC7000746D1 /* NonServiceable.swift */; };
		AC11D1D42336314800F1DBCB /* Colors.swift in Sources */ = {isa = PBXBuildFile; fileRef = AC11D1D32336314800F1DBCB /* Colors.swift */; };
		AC1AED5F233F058C00638403 /* BannersBaseCollectionViewCell.swift in Sources */ = {isa = PBXBuildFile; fileRef = AC1AED5D233F058C00638403 /* BannersBaseCollectionViewCell.swift */; };
		AC1AED60233F058C00638403 /* BannersBaseCollectionViewCell.xib in Resources */ = {isa = PBXBuildFile; fileRef = AC1AED5E233F058C00638403 /* BannersBaseCollectionViewCell.xib */; };
		AC1FFDA223465DEF00930496 /* ServicesHeaderCollectionReusableView.swift in Sources */ = {isa = PBXBuildFile; fileRef = AC1FFDA023465DEF00930496 /* ServicesHeaderCollectionReusableView.swift */; };
		AC1FFDA323465DEF00930496 /* ServicesHeaderCollectionReusableView.xib in Resources */ = {isa = PBXBuildFile; fileRef = AC1FFDA123465DEF00930496 /* ServicesHeaderCollectionReusableView.xib */; };
		AC1FFDAC2346F1D100930496 /* ProximaNova-Regular.otf in Resources */ = {isa = PBXBuildFile; fileRef = AC1FFDA42346F1D000930496 /* ProximaNova-Regular.otf */; };
		AC1FFDAD2346F1D100930496 /* Proxima Nova Black.otf in Resources */ = {isa = PBXBuildFile; fileRef = AC1FFDA52346F1D100930496 /* Proxima Nova Black.otf */; };
		AC1FFDAE2346F1D100930496 /* Proxima Nova Bold.otf in Resources */ = {isa = PBXBuildFile; fileRef = AC1FFDA62346F1D100930496 /* Proxima Nova Bold.otf */; };
		AC1FFDAF2346F1D100930496 /* Proxima Nova Thin.otf in Resources */ = {isa = PBXBuildFile; fileRef = AC1FFDA72346F1D100930496 /* Proxima Nova Thin.otf */; };
		AC1FFDB02346F1D100930496 /* Proxima Nova Alt Light.otf in Resources */ = {isa = PBXBuildFile; fileRef = AC1FFDA82346F1D100930496 /* Proxima Nova Alt Light.otf */; };
		AC1FFDB12346F1D100930496 /* Proxima Nova Alt Thin.otf in Resources */ = {isa = PBXBuildFile; fileRef = AC1FFDA92346F1D100930496 /* Proxima Nova Alt Thin.otf */; };
		AC1FFDB22346F1D100930496 /* Proxima Nova Extrabold.otf in Resources */ = {isa = PBXBuildFile; fileRef = AC1FFDAA2346F1D100930496 /* Proxima Nova Extrabold.otf */; };
		AC1FFDB32346F1D100930496 /* Proxima Nova Alt Bold.otf in Resources */ = {isa = PBXBuildFile; fileRef = AC1FFDAB2346F1D100930496 /* Proxima Nova Alt Bold.otf */; };
		AC1FFDB523474F0700930496 /* Services.storyboard in Resources */ = {isa = PBXBuildFile; fileRef = AC1FFDB423474F0700930496 /* Services.storyboard */; };
		AC1FFDB723474FC700930496 /* ServicesViewController.swift in Sources */ = {isa = PBXBuildFile; fileRef = AC1FFDB623474FC700930496 /* ServicesViewController.swift */; };
		AC1FFDBE234763B200930496 /* WashAndFoldPreferencesCollectionViewCell.swift in Sources */ = {isa = PBXBuildFile; fileRef = AC1FFDBC234763B200930496 /* WashAndFoldPreferencesCollectionViewCell.swift */; };
		AC1FFDBF234763B200930496 /* WashAndFoldPreferencesCollectionViewCell.xib in Resources */ = {isa = PBXBuildFile; fileRef = AC1FFDBD234763B200930496 /* WashAndFoldPreferencesCollectionViewCell.xib */; };
		AC1FFDC22347773200930496 /* PreferencesCollectionReusableView.swift in Sources */ = {isa = PBXBuildFile; fileRef = AC1FFDC02347773200930496 /* PreferencesCollectionReusableView.swift */; };
		AC1FFDC32347773200930496 /* PreferencesCollectionReusableView.xib in Resources */ = {isa = PBXBuildFile; fileRef = AC1FFDC12347773200930496 /* PreferencesCollectionReusableView.xib */; };
		AC621ECD2326BCDC00AFD052 /* NetworkingManager.swift in Sources */ = {isa = PBXBuildFile; fileRef = AC621ECC2326BCDC00AFD052 /* NetworkingManager.swift */; };
		AC793F17232CDBB9009E61A1 /* Preferences.storyboard in Resources */ = {isa = PBXBuildFile; fileRef = AC793F16232CDBB9009E61A1 /* Preferences.storyboard */; };
		AC8CDE2A23251A2500CDFB93 /* LoginSignup.storyboard in Resources */ = {isa = PBXBuildFile; fileRef = AC8CDE2923251A2500CDFB93 /* LoginSignup.storyboard */; };
		AC8CDE2E232537FF00CDFB93 /* LoginWithPasswordTableViewCell.swift in Sources */ = {isa = PBXBuildFile; fileRef = AC8CDE2C232537FF00CDFB93 /* LoginWithPasswordTableViewCell.swift */; };
		AC8CDE2F232537FF00CDFB93 /* LoginWithPasswordTableViewCell.xib in Resources */ = {isa = PBXBuildFile; fileRef = AC8CDE2D232537FF00CDFB93 /* LoginWithPasswordTableViewCell.xib */; };
		AC8CDE31232540DD00CDFB93 /* LoginSignUpViewController.swift in Sources */ = {isa = PBXBuildFile; fileRef = AC8CDE30232540DD00CDFB93 /* LoginSignUpViewController.swift */; };
		AC8CDE382326449200CDFB93 /* LoginViaOTPTableViewCell.swift in Sources */ = {isa = PBXBuildFile; fileRef = AC8CDE362326449200CDFB93 /* LoginViaOTPTableViewCell.swift */; };
		AC8CDE392326449200CDFB93 /* LoginViaOTPTableViewCell.xib in Resources */ = {isa = PBXBuildFile; fileRef = AC8CDE372326449200CDFB93 /* LoginViaOTPTableViewCell.xib */; };
		AC8CDE3C23264F4500CDFB93 /* SignUpTableViewCell.swift in Sources */ = {isa = PBXBuildFile; fileRef = AC8CDE3A23264F4500CDFB93 /* SignUpTableViewCell.swift */; };
		AC8CDE3D23264F4500CDFB93 /* SignUpTableViewCell.xib in Resources */ = {isa = PBXBuildFile; fileRef = AC8CDE3B23264F4500CDFB93 /* SignUpTableViewCell.xib */; };
		AC9BCAC62324DF90009818C3 /* AppDelegate.swift in Sources */ = {isa = PBXBuildFile; fileRef = AC9BCAC52324DF90009818C3 /* AppDelegate.swift */; };
		AC9BCACD2324DF90009818C3 /* Assets.xcassets in Resources */ = {isa = PBXBuildFile; fileRef = AC9BCACC2324DF90009818C3 /* Assets.xcassets */; };
		AC9BCAD02324DF90009818C3 /* LaunchScreen.storyboard in Resources */ = {isa = PBXBuildFile; fileRef = AC9BCACE2324DF90009818C3 /* LaunchScreen.storyboard */; };
		ACB37263234631C900046FB3 /* ServiceCollectionViewCell.swift in Sources */ = {isa = PBXBuildFile; fileRef = ACB37261234631C900046FB3 /* ServiceCollectionViewCell.swift */; };
		ACB37264234631C900046FB3 /* ServiceCollectionViewCell.xib in Resources */ = {isa = PBXBuildFile; fileRef = ACB37262234631C900046FB3 /* ServiceCollectionViewCell.xib */; };
		ACB37267234631EC00046FB3 /* ServicesBaseCollectionViewCell.swift in Sources */ = {isa = PBXBuildFile; fileRef = ACB37265234631EC00046FB3 /* ServicesBaseCollectionViewCell.swift */; };
		ACB37268234631EC00046FB3 /* ServicesBaseCollectionViewCell.xib in Resources */ = {isa = PBXBuildFile; fileRef = ACB37266234631EC00046FB3 /* ServicesBaseCollectionViewCell.xib */; };
		ACBAAF61233C6D7300E1E4A6 /* BannerCollectionViewCell.swift in Sources */ = {isa = PBXBuildFile; fileRef = ACBAAF5F233C6D7300E1E4A6 /* BannerCollectionViewCell.swift */; };
		ACBAAF62233C6D7300E1E4A6 /* BannerCollectionViewCell.xib in Resources */ = {isa = PBXBuildFile; fileRef = ACBAAF60233C6D7300E1E4A6 /* BannerCollectionViewCell.xib */; };
		ACBAAF68233CB07C00E1E4A6 /* Home.storyboard in Resources */ = {isa = PBXBuildFile; fileRef = ACBAAF67233CB07C00E1E4A6 /* Home.storyboard */; };
		ACBAAF6A233D0CC800E1E4A6 /* HomeViewController.swift in Sources */ = {isa = PBXBuildFile; fileRef = ACBAAF69233D0CC800E1E4A6 /* HomeViewController.swift */; };
		ACBB8172232CDD12003DCF77 /* PickUpDropOffPreferencesViewController.swift in Sources */ = {isa = PBXBuildFile; fileRef = ACBB8171232CDD12003DCF77 /* PickUpDropOffPreferencesViewController.swift */; };
		ACBB8174232D09AD003DCF77 /* PreferencesTableViewCell.swift in Sources */ = {isa = PBXBuildFile; fileRef = ACBB8173232D09AD003DCF77 /* PreferencesTableViewCell.swift */; };
		ACBB8177232D1F57003DCF77 /* Extensions.swift in Sources */ = {isa = PBXBuildFile; fileRef = ACBB8176232D1F57003DCF77 /* Extensions.swift */; };
		ACBB818C232E3FAB003DCF77 /* Montserrat-SemiBoldItalic.ttf in Resources */ = {isa = PBXBuildFile; fileRef = ACBB8179232E3FAB003DCF77 /* Montserrat-SemiBoldItalic.ttf */; };
		ACBB818D232E3FAB003DCF77 /* Montserrat-ExtraLightItalic.ttf in Resources */ = {isa = PBXBuildFile; fileRef = ACBB817A232E3FAB003DCF77 /* Montserrat-ExtraLightItalic.ttf */; };
		ACBB818E232E3FAB003DCF77 /* Montserrat-Regular.ttf in Resources */ = {isa = PBXBuildFile; fileRef = ACBB817B232E3FAB003DCF77 /* Montserrat-Regular.ttf */; };
		ACBB818F232E3FAB003DCF77 /* Montserrat-ExtraBold.ttf in Resources */ = {isa = PBXBuildFile; fileRef = ACBB817C232E3FAB003DCF77 /* Montserrat-ExtraBold.ttf */; };
		ACBB8190232E3FAB003DCF77 /* Montserrat-ThinItalic.ttf in Resources */ = {isa = PBXBuildFile; fileRef = ACBB817D232E3FAB003DCF77 /* Montserrat-ThinItalic.ttf */; };
		ACBB8191232E3FAC003DCF77 /* Montserrat-SemiBold.ttf in Resources */ = {isa = PBXBuildFile; fileRef = ACBB817E232E3FAB003DCF77 /* Montserrat-SemiBold.ttf */; };
		ACBB8192232E3FAC003DCF77 /* Montserrat-ExtraBoldItalic.ttf in Resources */ = {isa = PBXBuildFile; fileRef = ACBB817F232E3FAB003DCF77 /* Montserrat-ExtraBoldItalic.ttf */; };
		ACBB8193232E3FAC003DCF77 /* Montserrat-Light.ttf in Resources */ = {isa = PBXBuildFile; fileRef = ACBB8180232E3FAB003DCF77 /* Montserrat-Light.ttf */; };
		ACBB8194232E3FAC003DCF77 /* Montserrat-BoldItalic.ttf in Resources */ = {isa = PBXBuildFile; fileRef = ACBB8181232E3FAB003DCF77 /* Montserrat-BoldItalic.ttf */; };
		ACBB8195232E3FAC003DCF77 /* Montserrat-ExtraLight.ttf in Resources */ = {isa = PBXBuildFile; fileRef = ACBB8182232E3FAB003DCF77 /* Montserrat-ExtraLight.ttf */; };
		ACBB8196232E3FAC003DCF77 /* Montserrat-Bold.ttf in Resources */ = {isa = PBXBuildFile; fileRef = ACBB8183232E3FAB003DCF77 /* Montserrat-Bold.ttf */; };
		ACBB8197232E3FAC003DCF77 /* Montserrat-RegularItalic.ttf in Resources */ = {isa = PBXBuildFile; fileRef = ACBB8184232E3FAB003DCF77 /* Montserrat-RegularItalic.ttf */; };
		ACBB8198232E3FAC003DCF77 /* Montserrat-Medium.ttf in Resources */ = {isa = PBXBuildFile; fileRef = ACBB8185232E3FAB003DCF77 /* Montserrat-Medium.ttf */; };
		ACBB8199232E3FAC003DCF77 /* Montserrat-LightItalic.ttf in Resources */ = {isa = PBXBuildFile; fileRef = ACBB8186232E3FAB003DCF77 /* Montserrat-LightItalic.ttf */; };
		ACBB819A232E3FAC003DCF77 /* Montserrat-BlackItalic.ttf in Resources */ = {isa = PBXBuildFile; fileRef = ACBB8187232E3FAB003DCF77 /* Montserrat-BlackItalic.ttf */; };
		ACBB819B232E3FAC003DCF77 /* Montserrat-Thin.ttf in Resources */ = {isa = PBXBuildFile; fileRef = ACBB8188232E3FAB003DCF77 /* Montserrat-Thin.ttf */; };
		ACBB819C232E3FAC003DCF77 /* OFL.txt in Resources */ = {isa = PBXBuildFile; fileRef = ACBB8189232E3FAB003DCF77 /* OFL.txt */; };
		ACBB819D232E3FAC003DCF77 /* Montserrat-MediumItalic.ttf in Resources */ = {isa = PBXBuildFile; fileRef = ACBB818A232E3FAB003DCF77 /* Montserrat-MediumItalic.ttf */; };
		ACBB819E232E3FAC003DCF77 /* Montserrat-Black.ttf in Resources */ = {isa = PBXBuildFile; fileRef = ACBB818B232E3FAB003DCF77 /* Montserrat-Black.ttf */; };
		ACBBE49A233A0FE0003C67F7 /* LocationcCell.swift in Sources */ = {isa = PBXBuildFile; fileRef = ACBBE499233A0FE0003C67F7 /* LocationcCell.swift */; };
		ACF0205F232E425F007559E8 /* Fonts.swift in Sources */ = {isa = PBXBuildFile; fileRef = ACF0205E232E425F007559E8 /* Fonts.swift */; };
		ACFBA0512338E26A00950079 /* MyLocationViewController.swift in Sources */ = {isa = PBXBuildFile; fileRef = ACFBA0502338E26A00950079 /* MyLocationViewController.swift */; };
		ACFBA0532338E29A00950079 /* MyLocation.storyboard in Resources */ = {isa = PBXBuildFile; fileRef = ACFBA0522338E29A00950079 /* MyLocation.storyboard */; };
/* End PBXBuildFile section */

/* Begin PBXFileReference section */
		0D6B59115C1D4D6265172DCA /* Pods-NimNim.release.xcconfig */ = {isa = PBXFileReference; includeInIndex = 1; lastKnownFileType = text.xcconfig; name = "Pods-NimNim.release.xcconfig"; path = "Target Support Files/Pods-NimNim/Pods-NimNim.release.xcconfig"; sourceTree = "<group>"; };
		8586EAD9160E1C7AF19C483B /* Pods-NimNim.debug.xcconfig */ = {isa = PBXFileReference; includeInIndex = 1; lastKnownFileType = text.xcconfig; name = "Pods-NimNim.debug.xcconfig"; path = "Target Support Files/Pods-NimNim/Pods-NimNim.debug.xcconfig"; sourceTree = "<group>"; };
		AC092FC9232F5AFB00FE1B77 /* NavDrawer.storyboard */ = {isa = PBXFileReference; lastKnownFileType = file.storyboard; path = NavDrawer.storyboard; sourceTree = "<group>"; };
		AC092FCB232F5B2500FE1B77 /* NavDrawerViewController.swift */ = {isa = PBXFileReference; lastKnownFileType = sourcecode.swift; path = NavDrawerViewController.swift; sourceTree = "<group>"; };
		AC092FCD232F606F00FE1B77 /* NavDrawerTableViewCell.swift */ = {isa = PBXFileReference; lastKnownFileType = sourcecode.swift; path = NavDrawerTableViewCell.swift; sourceTree = "<group>"; };
		AC0BD3E1233B6BC7000746D1 /* NonServiceable.swift */ = {isa = PBXFileReference; lastKnownFileType = sourcecode.swift; path = NonServiceable.swift; sourceTree = "<group>"; };
		AC11D1D32336314800F1DBCB /* Colors.swift */ = {isa = PBXFileReference; lastKnownFileType = sourcecode.swift; path = Colors.swift; sourceTree = "<group>"; };
		AC1AED5D233F058C00638403 /* BannersBaseCollectionViewCell.swift */ = {isa = PBXFileReference; lastKnownFileType = sourcecode.swift; path = BannersBaseCollectionViewCell.swift; sourceTree = "<group>"; };
		AC1AED5E233F058C00638403 /* BannersBaseCollectionViewCell.xib */ = {isa = PBXFileReference; lastKnownFileType = file.xib; path = BannersBaseCollectionViewCell.xib; sourceTree = "<group>"; };
		AC1FFDA023465DEF00930496 /* ServicesHeaderCollectionReusableView.swift */ = {isa = PBXFileReference; lastKnownFileType = sourcecode.swift; path = ServicesHeaderCollectionReusableView.swift; sourceTree = "<group>"; };
		AC1FFDA123465DEF00930496 /* ServicesHeaderCollectionReusableView.xib */ = {isa = PBXFileReference; lastKnownFileType = file.xib; path = ServicesHeaderCollectionReusableView.xib; sourceTree = "<group>"; };
		AC1FFDA42346F1D000930496 /* ProximaNova-Regular.otf */ = {isa = PBXFileReference; lastKnownFileType = file; path = "ProximaNova-Regular.otf"; sourceTree = "<group>"; };
		AC1FFDA52346F1D100930496 /* Proxima Nova Black.otf */ = {isa = PBXFileReference; lastKnownFileType = file; path = "Proxima Nova Black.otf"; sourceTree = "<group>"; };
		AC1FFDA62346F1D100930496 /* Proxima Nova Bold.otf */ = {isa = PBXFileReference; lastKnownFileType = file; path = "Proxima Nova Bold.otf"; sourceTree = "<group>"; };
		AC1FFDA72346F1D100930496 /* Proxima Nova Thin.otf */ = {isa = PBXFileReference; lastKnownFileType = file; path = "Proxima Nova Thin.otf"; sourceTree = "<group>"; };
		AC1FFDA82346F1D100930496 /* Proxima Nova Alt Light.otf */ = {isa = PBXFileReference; lastKnownFileType = file; path = "Proxima Nova Alt Light.otf"; sourceTree = "<group>"; };
		AC1FFDA92346F1D100930496 /* Proxima Nova Alt Thin.otf */ = {isa = PBXFileReference; lastKnownFileType = file; path = "Proxima Nova Alt Thin.otf"; sourceTree = "<group>"; };
		AC1FFDAA2346F1D100930496 /* Proxima Nova Extrabold.otf */ = {isa = PBXFileReference; lastKnownFileType = file; path = "Proxima Nova Extrabold.otf"; sourceTree = "<group>"; };
		AC1FFDAB2346F1D100930496 /* Proxima Nova Alt Bold.otf */ = {isa = PBXFileReference; lastKnownFileType = file; path = "Proxima Nova Alt Bold.otf"; sourceTree = "<group>"; };
		AC1FFDB423474F0700930496 /* Services.storyboard */ = {isa = PBXFileReference; lastKnownFileType = file.storyboard; path = Services.storyboard; sourceTree = "<group>"; };
		AC1FFDB623474FC700930496 /* ServicesViewController.swift */ = {isa = PBXFileReference; lastKnownFileType = sourcecode.swift; path = ServicesViewController.swift; sourceTree = "<group>"; };
		AC1FFDBC234763B200930496 /* WashAndFoldPreferencesCollectionViewCell.swift */ = {isa = PBXFileReference; lastKnownFileType = sourcecode.swift; path = WashAndFoldPreferencesCollectionViewCell.swift; sourceTree = "<group>"; };
		AC1FFDBD234763B200930496 /* WashAndFoldPreferencesCollectionViewCell.xib */ = {isa = PBXFileReference; lastKnownFileType = file.xib; path = WashAndFoldPreferencesCollectionViewCell.xib; sourceTree = "<group>"; };
		AC1FFDC02347773200930496 /* PreferencesCollectionReusableView.swift */ = {isa = PBXFileReference; lastKnownFileType = sourcecode.swift; path = PreferencesCollectionReusableView.swift; sourceTree = "<group>"; };
		AC1FFDC12347773200930496 /* PreferencesCollectionReusableView.xib */ = {isa = PBXFileReference; lastKnownFileType = file.xib; path = PreferencesCollectionReusableView.xib; sourceTree = "<group>"; };
		AC621ECC2326BCDC00AFD052 /* NetworkingManager.swift */ = {isa = PBXFileReference; lastKnownFileType = sourcecode.swift; path = NetworkingManager.swift; sourceTree = "<group>"; };
		AC793F16232CDBB9009E61A1 /* Preferences.storyboard */ = {isa = PBXFileReference; lastKnownFileType = file.storyboard; path = Preferences.storyboard; sourceTree = "<group>"; };
		AC8CDE2923251A2500CDFB93 /* LoginSignup.storyboard */ = {isa = PBXFileReference; lastKnownFileType = file.storyboard; path = LoginSignup.storyboard; sourceTree = "<group>"; };
		AC8CDE2C232537FF00CDFB93 /* LoginWithPasswordTableViewCell.swift */ = {isa = PBXFileReference; lastKnownFileType = sourcecode.swift; path = LoginWithPasswordTableViewCell.swift; sourceTree = "<group>"; };
		AC8CDE2D232537FF00CDFB93 /* LoginWithPasswordTableViewCell.xib */ = {isa = PBXFileReference; lastKnownFileType = file.xib; path = LoginWithPasswordTableViewCell.xib; sourceTree = "<group>"; };
		AC8CDE30232540DD00CDFB93 /* LoginSignUpViewController.swift */ = {isa = PBXFileReference; lastKnownFileType = sourcecode.swift; path = LoginSignUpViewController.swift; sourceTree = "<group>"; };
		AC8CDE362326449200CDFB93 /* LoginViaOTPTableViewCell.swift */ = {isa = PBXFileReference; lastKnownFileType = sourcecode.swift; path = LoginViaOTPTableViewCell.swift; sourceTree = "<group>"; };
		AC8CDE372326449200CDFB93 /* LoginViaOTPTableViewCell.xib */ = {isa = PBXFileReference; lastKnownFileType = file.xib; path = LoginViaOTPTableViewCell.xib; sourceTree = "<group>"; };
		AC8CDE3A23264F4500CDFB93 /* SignUpTableViewCell.swift */ = {isa = PBXFileReference; lastKnownFileType = sourcecode.swift; path = SignUpTableViewCell.swift; sourceTree = "<group>"; };
		AC8CDE3B23264F4500CDFB93 /* SignUpTableViewCell.xib */ = {isa = PBXFileReference; lastKnownFileType = file.xib; path = SignUpTableViewCell.xib; sourceTree = "<group>"; };
		AC9BCAC22324DF90009818C3 /* NimNim.app */ = {isa = PBXFileReference; explicitFileType = wrapper.application; includeInIndex = 0; path = NimNim.app; sourceTree = BUILT_PRODUCTS_DIR; };
		AC9BCAC52324DF90009818C3 /* AppDelegate.swift */ = {isa = PBXFileReference; lastKnownFileType = sourcecode.swift; path = AppDelegate.swift; sourceTree = "<group>"; };
		AC9BCACC2324DF90009818C3 /* Assets.xcassets */ = {isa = PBXFileReference; lastKnownFileType = folder.assetcatalog; path = Assets.xcassets; sourceTree = "<group>"; };
		AC9BCACF2324DF90009818C3 /* Base */ = {isa = PBXFileReference; lastKnownFileType = file.storyboard; name = Base; path = Base.lproj/LaunchScreen.storyboard; sourceTree = "<group>"; };
		AC9BCAD12324DF90009818C3 /* Info.plist */ = {isa = PBXFileReference; lastKnownFileType = text.plist.xml; path = Info.plist; sourceTree = "<group>"; };
		ACB37261234631C900046FB3 /* ServiceCollectionViewCell.swift */ = {isa = PBXFileReference; lastKnownFileType = sourcecode.swift; path = ServiceCollectionViewCell.swift; sourceTree = "<group>"; };
		ACB37262234631C900046FB3 /* ServiceCollectionViewCell.xib */ = {isa = PBXFileReference; lastKnownFileType = file.xib; path = ServiceCollectionViewCell.xib; sourceTree = "<group>"; };
		ACB37265234631EC00046FB3 /* ServicesBaseCollectionViewCell.swift */ = {isa = PBXFileReference; lastKnownFileType = sourcecode.swift; path = ServicesBaseCollectionViewCell.swift; sourceTree = "<group>"; };
		ACB37266234631EC00046FB3 /* ServicesBaseCollectionViewCell.xib */ = {isa = PBXFileReference; lastKnownFileType = file.xib; path = ServicesBaseCollectionViewCell.xib; sourceTree = "<group>"; };
		ACBAAF5F233C6D7300E1E4A6 /* BannerCollectionViewCell.swift */ = {isa = PBXFileReference; lastKnownFileType = sourcecode.swift; path = BannerCollectionViewCell.swift; sourceTree = "<group>"; };
		ACBAAF60233C6D7300E1E4A6 /* BannerCollectionViewCell.xib */ = {isa = PBXFileReference; lastKnownFileType = file.xib; path = BannerCollectionViewCell.xib; sourceTree = "<group>"; };
		ACBAAF67233CB07C00E1E4A6 /* Home.storyboard */ = {isa = PBXFileReference; lastKnownFileType = file.storyboard; path = Home.storyboard; sourceTree = "<group>"; };
		ACBAAF69233D0CC800E1E4A6 /* HomeViewController.swift */ = {isa = PBXFileReference; lastKnownFileType = sourcecode.swift; path = HomeViewController.swift; sourceTree = "<group>"; };
		ACBB8171232CDD12003DCF77 /* PickUpDropOffPreferencesViewController.swift */ = {isa = PBXFileReference; lastKnownFileType = sourcecode.swift; path = PickUpDropOffPreferencesViewController.swift; sourceTree = "<group>"; };
		ACBB8173232D09AD003DCF77 /* PreferencesTableViewCell.swift */ = {isa = PBXFileReference; lastKnownFileType = sourcecode.swift; path = PreferencesTableViewCell.swift; sourceTree = "<group>"; };
		ACBB8176232D1F57003DCF77 /* Extensions.swift */ = {isa = PBXFileReference; lastKnownFileType = sourcecode.swift; path = Extensions.swift; sourceTree = "<group>"; };
		ACBB8179232E3FAB003DCF77 /* Montserrat-SemiBoldItalic.ttf */ = {isa = PBXFileReference; lastKnownFileType = file; path = "Montserrat-SemiBoldItalic.ttf"; sourceTree = "<group>"; };
		ACBB817A232E3FAB003DCF77 /* Montserrat-ExtraLightItalic.ttf */ = {isa = PBXFileReference; lastKnownFileType = file; path = "Montserrat-ExtraLightItalic.ttf"; sourceTree = "<group>"; };
		ACBB817B232E3FAB003DCF77 /* Montserrat-Regular.ttf */ = {isa = PBXFileReference; lastKnownFileType = file; path = "Montserrat-Regular.ttf"; sourceTree = "<group>"; };
		ACBB817C232E3FAB003DCF77 /* Montserrat-ExtraBold.ttf */ = {isa = PBXFileReference; lastKnownFileType = file; path = "Montserrat-ExtraBold.ttf"; sourceTree = "<group>"; };
		ACBB817D232E3FAB003DCF77 /* Montserrat-ThinItalic.ttf */ = {isa = PBXFileReference; lastKnownFileType = file; path = "Montserrat-ThinItalic.ttf"; sourceTree = "<group>"; };
		ACBB817E232E3FAB003DCF77 /* Montserrat-SemiBold.ttf */ = {isa = PBXFileReference; lastKnownFileType = file; path = "Montserrat-SemiBold.ttf"; sourceTree = "<group>"; };
		ACBB817F232E3FAB003DCF77 /* Montserrat-ExtraBoldItalic.ttf */ = {isa = PBXFileReference; lastKnownFileType = file; path = "Montserrat-ExtraBoldItalic.ttf"; sourceTree = "<group>"; };
		ACBB8180232E3FAB003DCF77 /* Montserrat-Light.ttf */ = {isa = PBXFileReference; lastKnownFileType = file; path = "Montserrat-Light.ttf"; sourceTree = "<group>"; };
		ACBB8181232E3FAB003DCF77 /* Montserrat-BoldItalic.ttf */ = {isa = PBXFileReference; lastKnownFileType = file; path = "Montserrat-BoldItalic.ttf"; sourceTree = "<group>"; };
		ACBB8182232E3FAB003DCF77 /* Montserrat-ExtraLight.ttf */ = {isa = PBXFileReference; lastKnownFileType = file; path = "Montserrat-ExtraLight.ttf"; sourceTree = "<group>"; };
		ACBB8183232E3FAB003DCF77 /* Montserrat-Bold.ttf */ = {isa = PBXFileReference; lastKnownFileType = file; path = "Montserrat-Bold.ttf"; sourceTree = "<group>"; };
		ACBB8184232E3FAB003DCF77 /* Montserrat-RegularItalic.ttf */ = {isa = PBXFileReference; lastKnownFileType = file; path = "Montserrat-RegularItalic.ttf"; sourceTree = "<group>"; };
		ACBB8185232E3FAB003DCF77 /* Montserrat-Medium.ttf */ = {isa = PBXFileReference; lastKnownFileType = file; path = "Montserrat-Medium.ttf"; sourceTree = "<group>"; };
		ACBB8186232E3FAB003DCF77 /* Montserrat-LightItalic.ttf */ = {isa = PBXFileReference; lastKnownFileType = file; path = "Montserrat-LightItalic.ttf"; sourceTree = "<group>"; };
		ACBB8187232E3FAB003DCF77 /* Montserrat-BlackItalic.ttf */ = {isa = PBXFileReference; lastKnownFileType = file; path = "Montserrat-BlackItalic.ttf"; sourceTree = "<group>"; };
		ACBB8188232E3FAB003DCF77 /* Montserrat-Thin.ttf */ = {isa = PBXFileReference; lastKnownFileType = file; path = "Montserrat-Thin.ttf"; sourceTree = "<group>"; };
		ACBB8189232E3FAB003DCF77 /* OFL.txt */ = {isa = PBXFileReference; fileEncoding = 4; lastKnownFileType = text; path = OFL.txt; sourceTree = "<group>"; };
		ACBB818A232E3FAB003DCF77 /* Montserrat-MediumItalic.ttf */ = {isa = PBXFileReference; lastKnownFileType = file; path = "Montserrat-MediumItalic.ttf"; sourceTree = "<group>"; };
		ACBB818B232E3FAB003DCF77 /* Montserrat-Black.ttf */ = {isa = PBXFileReference; lastKnownFileType = file; path = "Montserrat-Black.ttf"; sourceTree = "<group>"; };
		ACBBE499233A0FE0003C67F7 /* LocationcCell.swift */ = {isa = PBXFileReference; lastKnownFileType = sourcecode.swift; path = LocationcCell.swift; sourceTree = "<group>"; };
		ACF0205E232E425F007559E8 /* Fonts.swift */ = {isa = PBXFileReference; lastKnownFileType = sourcecode.swift; path = Fonts.swift; sourceTree = "<group>"; };
		ACFBA0502338E26A00950079 /* MyLocationViewController.swift */ = {isa = PBXFileReference; lastKnownFileType = sourcecode.swift; path = MyLocationViewController.swift; sourceTree = "<group>"; };
		ACFBA0522338E29A00950079 /* MyLocation.storyboard */ = {isa = PBXFileReference; lastKnownFileType = file.storyboard; path = MyLocation.storyboard; sourceTree = "<group>"; };
		C74D617266EB18FBEEAA0F80 /* Pods_NimNim.framework */ = {isa = PBXFileReference; explicitFileType = wrapper.framework; includeInIndex = 0; path = Pods_NimNim.framework; sourceTree = BUILT_PRODUCTS_DIR; };
/* End PBXFileReference section */

/* Begin PBXFrameworksBuildPhase section */
		AC9BCABF2324DF90009818C3 /* Frameworks */ = {
			isa = PBXFrameworksBuildPhase;
			buildActionMask = 2147483647;
			files = (
				62983FD37B9651AB97044FCD /* Pods_NimNim.framework in Frameworks */,
			);
			runOnlyForDeploymentPostprocessing = 0;
		};
/* End PBXFrameworksBuildPhase section */

/* Begin PBXGroup section */
		6A57A8E59161340A7FB2B829 /* Pods */ = {
			isa = PBXGroup;
			children = (
				8586EAD9160E1C7AF19C483B /* Pods-NimNim.debug.xcconfig */,
				0D6B59115C1D4D6265172DCA /* Pods-NimNim.release.xcconfig */,
			);
			path = Pods;
			sourceTree = "<group>";
		};
		AC1FFD9F23465DBA00930496 /* CollectionReusableView */ = {
			isa = PBXGroup;
			children = (
				AC1FFDA023465DEF00930496 /* ServicesHeaderCollectionReusableView.swift */,
				AC1FFDA123465DEF00930496 /* ServicesHeaderCollectionReusableView.xib */,
				AC1FFDC02347773200930496 /* PreferencesCollectionReusableView.swift */,
				AC1FFDC12347773200930496 /* PreferencesCollectionReusableView.xib */,
			);
			path = CollectionReusableView;
			sourceTree = "<group>";
		};
		AC5CF45C233C6D0600FF780A /* CollectionViewCells */ = {
			isa = PBXGroup;
			children = (
				AC1FFDBC234763B200930496 /* WashAndFoldPreferencesCollectionViewCell.swift */,
				AC1FFDBD234763B200930496 /* WashAndFoldPreferencesCollectionViewCell.xib */,
				ACBAAF5F233C6D7300E1E4A6 /* BannerCollectionViewCell.swift */,
				ACBAAF60233C6D7300E1E4A6 /* BannerCollectionViewCell.xib */,
				ACB37261234631C900046FB3 /* ServiceCollectionViewCell.swift */,
				ACB37262234631C900046FB3 /* ServiceCollectionViewCell.xib */,
				AC1AED5D233F058C00638403 /* BannersBaseCollectionViewCell.swift */,
				AC1AED5E233F058C00638403 /* BannersBaseCollectionViewCell.xib */,
				ACB37265234631EC00046FB3 /* ServicesBaseCollectionViewCell.swift */,
				ACB37266234631EC00046FB3 /* ServicesBaseCollectionViewCell.xib */,
			);
			path = CollectionViewCells;
			sourceTree = "<group>";
		};
		AC621ECB2326BCB400AFD052 /* Managers */ = {
			isa = PBXGroup;
			children = (
				AC621ECC2326BCDC00AFD052 /* NetworkingManager.swift */,
			);
			path = Managers;
			sourceTree = "<group>";
		};
		AC8CDE262325189600CDFB93 /* Model */ = {
			isa = PBXGroup;
			children = (
			);
			path = Model;
			sourceTree = "<group>";
		};
		AC8CDE27232518A200CDFB93 /* View */ = {
			isa = PBXGroup;
			children = (
				AC9BCACE2324DF90009818C3 /* LaunchScreen.storyboard */,
				AC1FFDB423474F0700930496 /* Services.storyboard */,
				AC8CDE2923251A2500CDFB93 /* LoginSignup.storyboard */,
				AC793F16232CDBB9009E61A1 /* Preferences.storyboard */,
				AC092FC9232F5AFB00FE1B77 /* NavDrawer.storyboard */,
				ACFBA0522338E29A00950079 /* MyLocation.storyboard */,
				ACBAAF67233CB07C00E1E4A6 /* Home.storyboard */,
			);
			path = View;
			sourceTree = "<group>";
		};
		AC8CDE28232518AC00CDFB93 /* Controller */ = {
			isa = PBXGroup;
			children = (
				AC8CDE30232540DD00CDFB93 /* LoginSignUpViewController.swift */,
				AC1FFDB623474FC700930496 /* ServicesViewController.swift */,
				ACBB8171232CDD12003DCF77 /* PickUpDropOffPreferencesViewController.swift */,
				ACFBA0502338E26A00950079 /* MyLocationViewController.swift */,
				AC092FCB232F5B2500FE1B77 /* NavDrawerViewController.swift */,
				AC0BD3E1233B6BC7000746D1 /* NonServiceable.swift */,
				ACBAAF69233D0CC800E1E4A6 /* HomeViewController.swift */,
			);
			path = Controller;
			sourceTree = "<group>";
		};
		AC8CDE2B232537BC00CDFB93 /* TableViewCells */ = {
			isa = PBXGroup;
			children = (
				AC8CDE2C232537FF00CDFB93 /* LoginWithPasswordTableViewCell.swift */,
				AC8CDE2D232537FF00CDFB93 /* LoginWithPasswordTableViewCell.xib */,
				AC8CDE362326449200CDFB93 /* LoginViaOTPTableViewCell.swift */,
				AC8CDE372326449200CDFB93 /* LoginViaOTPTableViewCell.xib */,
				AC8CDE3A23264F4500CDFB93 /* SignUpTableViewCell.swift */,
				AC8CDE3B23264F4500CDFB93 /* SignUpTableViewCell.xib */,
				ACBB8173232D09AD003DCF77 /* PreferencesTableViewCell.swift */,
				ACBBE499233A0FE0003C67F7 /* LocationcCell.swift */,
				AC092FCD232F606F00FE1B77 /* NavDrawerTableViewCell.swift */,
			);
			path = TableViewCells;
			sourceTree = "<group>";
		};
		AC9BCAB92324DF90009818C3 = {
			isa = PBXGroup;
			children = (
				AC9BCAC42324DF90009818C3 /* NimNim */,
				AC9BCAC32324DF90009818C3 /* Products */,
				6A57A8E59161340A7FB2B829 /* Pods */,
				FA6ED03A47FAC1D8F9318AB7 /* Frameworks */,
			);
			sourceTree = "<group>";
		};
		AC9BCAC32324DF90009818C3 /* Products */ = {
			isa = PBXGroup;
			children = (
				AC9BCAC22324DF90009818C3 /* NimNim.app */,
			);
			name = Products;
			sourceTree = "<group>";
		};
		AC9BCAC42324DF90009818C3 /* NimNim */ = {
			isa = PBXGroup;
			children = (
				AC1FFD9F23465DBA00930496 /* CollectionReusableView */,
				AC5CF45C233C6D0600FF780A /* CollectionViewCells */,
				ACBB8178232E3F86003DCF77 /* Fonts */,
				ACBB8175232D1F3D003DCF77 /* Utils */,
				AC621ECB2326BCB400AFD052 /* Managers */,
				AC8CDE2B232537BC00CDFB93 /* TableViewCells */,
				AC8CDE262325189600CDFB93 /* Model */,
				AC8CDE27232518A200CDFB93 /* View */,
				AC8CDE28232518AC00CDFB93 /* Controller */,
				AC9BCAC52324DF90009818C3 /* AppDelegate.swift */,
				AC9BCACC2324DF90009818C3 /* Assets.xcassets */,
				AC9BCAD12324DF90009818C3 /* Info.plist */,
			);
			path = NimNim;
			sourceTree = "<group>";
		};
		ACBB8175232D1F3D003DCF77 /* Utils */ = {
			isa = PBXGroup;
			children = (
				ACBB8176232D1F57003DCF77 /* Extensions.swift */,
				ACF0205E232E425F007559E8 /* Fonts.swift */,
				AC11D1D32336314800F1DBCB /* Colors.swift */,
			);
			path = Utils;
			sourceTree = "<group>";
		};
		ACBB8178232E3F86003DCF77 /* Fonts */ = {
			isa = PBXGroup;
			children = (
				ACBB818B232E3FAB003DCF77 /* Montserrat-Black.ttf */,
				ACBB8187232E3FAB003DCF77 /* Montserrat-BlackItalic.ttf */,
				ACBB8183232E3FAB003DCF77 /* Montserrat-Bold.ttf */,
				ACBB8181232E3FAB003DCF77 /* Montserrat-BoldItalic.ttf */,
				ACBB817C232E3FAB003DCF77 /* Montserrat-ExtraBold.ttf */,
				ACBB817F232E3FAB003DCF77 /* Montserrat-ExtraBoldItalic.ttf */,
				ACBB8182232E3FAB003DCF77 /* Montserrat-ExtraLight.ttf */,
				ACBB817A232E3FAB003DCF77 /* Montserrat-ExtraLightItalic.ttf */,
				ACBB8180232E3FAB003DCF77 /* Montserrat-Light.ttf */,
				ACBB8186232E3FAB003DCF77 /* Montserrat-LightItalic.ttf */,
				ACBB8185232E3FAB003DCF77 /* Montserrat-Medium.ttf */,
				ACBB818A232E3FAB003DCF77 /* Montserrat-MediumItalic.ttf */,
				ACBB817B232E3FAB003DCF77 /* Montserrat-Regular.ttf */,
				ACBB8184232E3FAB003DCF77 /* Montserrat-RegularItalic.ttf */,
				ACBB817E232E3FAB003DCF77 /* Montserrat-SemiBold.ttf */,
				ACBB8179232E3FAB003DCF77 /* Montserrat-SemiBoldItalic.ttf */,
				ACBB8188232E3FAB003DCF77 /* Montserrat-Thin.ttf */,
				ACBB817D232E3FAB003DCF77 /* Montserrat-ThinItalic.ttf */,
				AC1FFDAB2346F1D100930496 /* Proxima Nova Alt Bold.otf */,
				AC1FFDA82346F1D100930496 /* Proxima Nova Alt Light.otf */,
				AC1FFDA92346F1D100930496 /* Proxima Nova Alt Thin.otf */,
				AC1FFDA52346F1D100930496 /* Proxima Nova Black.otf */,
				AC1FFDA62346F1D100930496 /* Proxima Nova Bold.otf */,
				AC1FFDAA2346F1D100930496 /* Proxima Nova Extrabold.otf */,
				AC1FFDA72346F1D100930496 /* Proxima Nova Thin.otf */,
				AC1FFDA42346F1D000930496 /* ProximaNova-Regular.otf */,
				ACBB8189232E3FAB003DCF77 /* OFL.txt */,
			);
			path = Fonts;
			sourceTree = "<group>";
		};
		FA6ED03A47FAC1D8F9318AB7 /* Frameworks */ = {
			isa = PBXGroup;
			children = (
				C74D617266EB18FBEEAA0F80 /* Pods_NimNim.framework */,
			);
			name = Frameworks;
			sourceTree = "<group>";
		};
/* End PBXGroup section */

/* Begin PBXNativeTarget section */
		AC9BCAC12324DF90009818C3 /* NimNim */ = {
			isa = PBXNativeTarget;
			buildConfigurationList = AC9BCAD42324DF90009818C3 /* Build configuration list for PBXNativeTarget "NimNim" */;
			buildPhases = (
				7FDF86E4C57B810CAB91A91D /* [CP] Check Pods Manifest.lock */,
				AC9BCABE2324DF90009818C3 /* Sources */,
				AC9BCABF2324DF90009818C3 /* Frameworks */,
				AC9BCAC02324DF90009818C3 /* Resources */,
				8779E3A4EF49D3A559FD5814 /* [CP] Embed Pods Frameworks */,
			);
			buildRules = (
			);
			dependencies = (
			);
			name = NimNim;
			productName = NimNim;
			productReference = AC9BCAC22324DF90009818C3 /* NimNim.app */;
			productType = "com.apple.product-type.application";
		};
/* End PBXNativeTarget section */

/* Begin PBXProject section */
		AC9BCABA2324DF90009818C3 /* Project object */ = {
			isa = PBXProject;
			attributes = {
				LastSwiftUpdateCheck = 1020;
				LastUpgradeCheck = 1020;
				ORGANIZATIONNAME = NimNim;
				TargetAttributes = {
					AC9BCAC12324DF90009818C3 = {
						CreatedOnToolsVersion = 10.2;
					};
				};
			};
			buildConfigurationList = AC9BCABD2324DF90009818C3 /* Build configuration list for PBXProject "NimNim" */;
			compatibilityVersion = "Xcode 9.3";
			developmentRegion = en;
			hasScannedForEncodings = 0;
			knownRegions = (
				en,
				Base,
			);
			mainGroup = AC9BCAB92324DF90009818C3;
			productRefGroup = AC9BCAC32324DF90009818C3 /* Products */;
			projectDirPath = "";
			projectRoot = "";
			targets = (
				AC9BCAC12324DF90009818C3 /* NimNim */,
			);
		};
/* End PBXProject section */

/* Begin PBXResourcesBuildPhase section */
		AC9BCAC02324DF90009818C3 /* Resources */ = {
			isa = PBXResourcesBuildPhase;
			buildActionMask = 2147483647;
			files = (
				AC1FFDA323465DEF00930496 /* ServicesHeaderCollectionReusableView.xib in Resources */,
				AC1FFDAC2346F1D100930496 /* ProximaNova-Regular.otf in Resources */,
				ACBB8193232E3FAC003DCF77 /* Montserrat-Light.ttf in Resources */,
				AC1FFDAE2346F1D100930496 /* Proxima Nova Bold.otf in Resources */,
				ACBB8195232E3FAC003DCF77 /* Montserrat-ExtraLight.ttf in Resources */,
				AC8CDE2A23251A2500CDFB93 /* LoginSignup.storyboard in Resources */,
				ACBAAF68233CB07C00E1E4A6 /* Home.storyboard in Resources */,
				ACFBA0532338E29A00950079 /* MyLocation.storyboard in Resources */,
				AC1FFDB22346F1D100930496 /* Proxima Nova Extrabold.otf in Resources */,
				AC092FCA232F5AFB00FE1B77 /* NavDrawer.storyboard in Resources */,
				ACB37264234631C900046FB3 /* ServiceCollectionViewCell.xib in Resources */,
				ACBB819A232E3FAC003DCF77 /* Montserrat-BlackItalic.ttf in Resources */,
				AC1FFDB523474F0700930496 /* Services.storyboard in Resources */,
				ACBB8197232E3FAC003DCF77 /* Montserrat-RegularItalic.ttf in Resources */,
				AC8CDE3D23264F4500CDFB93 /* SignUpTableViewCell.xib in Resources */,
				AC1FFDAF2346F1D100930496 /* Proxima Nova Thin.otf in Resources */,
				ACBB819C232E3FAC003DCF77 /* OFL.txt in Resources */,
				AC1FFDBF234763B200930496 /* WashAndFoldPreferencesCollectionViewCell.xib in Resources */,
				ACBB8191232E3FAC003DCF77 /* Montserrat-SemiBold.ttf in Resources */,
				AC1FFDAD2346F1D100930496 /* Proxima Nova Black.otf in Resources */,
				ACBB8198232E3FAC003DCF77 /* Montserrat-Medium.ttf in Resources */,
				AC1FFDC32347773200930496 /* PreferencesCollectionReusableView.xib in Resources */,
				ACBB8190232E3FAB003DCF77 /* Montserrat-ThinItalic.ttf in Resources */,
				ACBB8199232E3FAC003DCF77 /* Montserrat-LightItalic.ttf in Resources */,
				ACBB818C232E3FAB003DCF77 /* Montserrat-SemiBoldItalic.ttf in Resources */,
				ACBAAF62233C6D7300E1E4A6 /* BannerCollectionViewCell.xib in Resources */,
				AC793F17232CDBB9009E61A1 /* Preferences.storyboard in Resources */,
				AC9BCAD02324DF90009818C3 /* LaunchScreen.storyboard in Resources */,
				AC1FFDB12346F1D100930496 /* Proxima Nova Alt Thin.otf in Resources */,
				ACBB8194232E3FAC003DCF77 /* Montserrat-BoldItalic.ttf in Resources */,
				ACBB819D232E3FAC003DCF77 /* Montserrat-MediumItalic.ttf in Resources */,
				AC8CDE2F232537FF00CDFB93 /* LoginWithPasswordTableViewCell.xib in Resources */,
				ACBB819E232E3FAC003DCF77 /* Montserrat-Black.ttf in Resources */,
				AC1AED60233F058C00638403 /* BannersBaseCollectionViewCell.xib in Resources */,
				AC1FFDB02346F1D100930496 /* Proxima Nova Alt Light.otf in Resources */,
				AC9BCACD2324DF90009818C3 /* Assets.xcassets in Resources */,
				ACBB819B232E3FAC003DCF77 /* Montserrat-Thin.ttf in Resources */,
				ACB37268234631EC00046FB3 /* ServicesBaseCollectionViewCell.xib in Resources */,
				AC8CDE392326449200CDFB93 /* LoginViaOTPTableViewCell.xib in Resources */,
				ACBB818F232E3FAB003DCF77 /* Montserrat-ExtraBold.ttf in Resources */,
				ACBB8196232E3FAC003DCF77 /* Montserrat-Bold.ttf in Resources */,
				AC1FFDB32346F1D100930496 /* Proxima Nova Alt Bold.otf in Resources */,
				ACBB8192232E3FAC003DCF77 /* Montserrat-ExtraBoldItalic.ttf in Resources */,
				ACBB818E232E3FAB003DCF77 /* Montserrat-Regular.ttf in Resources */,
				ACBB818D232E3FAB003DCF77 /* Montserrat-ExtraLightItalic.ttf in Resources */,
			);
			runOnlyForDeploymentPostprocessing = 0;
		};
/* End PBXResourcesBuildPhase section */

/* Begin PBXShellScriptBuildPhase section */
		7FDF86E4C57B810CAB91A91D /* [CP] Check Pods Manifest.lock */ = {
			isa = PBXShellScriptBuildPhase;
			buildActionMask = 2147483647;
			files = (
			);
			inputFileListPaths = (
			);
			inputPaths = (
				"${PODS_PODFILE_DIR_PATH}/Podfile.lock",
				"${PODS_ROOT}/Manifest.lock",
			);
			name = "[CP] Check Pods Manifest.lock";
			outputFileListPaths = (
			);
			outputPaths = (
				"$(DERIVED_FILE_DIR)/Pods-NimNim-checkManifestLockResult.txt",
			);
			runOnlyForDeploymentPostprocessing = 0;
			shellPath = /bin/sh;
			shellScript = "diff \"${PODS_PODFILE_DIR_PATH}/Podfile.lock\" \"${PODS_ROOT}/Manifest.lock\" > /dev/null\nif [ $? != 0 ] ; then\n    # print error to STDERR\n    echo \"error: The sandbox is not in sync with the Podfile.lock. Run 'pod install' or update your CocoaPods installation.\" >&2\n    exit 1\nfi\n# This output is used by Xcode 'outputs' to avoid re-running this script phase.\necho \"SUCCESS\" > \"${SCRIPT_OUTPUT_FILE_0}\"\n";
			showEnvVarsInLog = 0;
		};
		8779E3A4EF49D3A559FD5814 /* [CP] Embed Pods Frameworks */ = {
			isa = PBXShellScriptBuildPhase;
			buildActionMask = 2147483647;
			files = (
			);
			inputFileListPaths = (
			);
			inputPaths = (
				"${PODS_ROOT}/Target Support Files/Pods-NimNim/Pods-NimNim-frameworks.sh",
				"${BUILT_PRODUCTS_DIR}/Alamofire/Alamofire.framework",
				"${BUILT_PRODUCTS_DIR}/SwiftyJSON/SwiftyJSON.framework",
			);
			name = "[CP] Embed Pods Frameworks";
			outputFileListPaths = (
			);
			outputPaths = (
				"${TARGET_BUILD_DIR}/${FRAMEWORKS_FOLDER_PATH}/Alamofire.framework",
				"${TARGET_BUILD_DIR}/${FRAMEWORKS_FOLDER_PATH}/SwiftyJSON.framework",
			);
			runOnlyForDeploymentPostprocessing = 0;
			shellPath = /bin/sh;
			shellScript = "\"${PODS_ROOT}/Target Support Files/Pods-NimNim/Pods-NimNim-frameworks.sh\"\n";
			showEnvVarsInLog = 0;
		};
/* End PBXShellScriptBuildPhase section */

/* Begin PBXSourcesBuildPhase section */
		AC9BCABE2324DF90009818C3 /* Sources */ = {
			isa = PBXSourcesBuildPhase;
			buildActionMask = 2147483647;
			files = (
				AC8CDE382326449200CDFB93 /* LoginViaOTPTableViewCell.swift in Sources */,
				AC1AED5F233F058C00638403 /* BannersBaseCollectionViewCell.swift in Sources */,
				AC1FFDA223465DEF00930496 /* ServicesHeaderCollectionReusableView.swift in Sources */,
				ACBB8177232D1F57003DCF77 /* Extensions.swift in Sources */,
				ACBAAF6A233D0CC800E1E4A6 /* HomeViewController.swift in Sources */,
				AC1FFDBE234763B200930496 /* WashAndFoldPreferencesCollectionViewCell.swift in Sources */,
				AC092FCC232F5B2500FE1B77 /* NavDrawerViewController.swift in Sources */,
				AC8CDE2E232537FF00CDFB93 /* LoginWithPasswordTableViewCell.swift in Sources */,
				AC092FCE232F606F00FE1B77 /* NavDrawerTableViewCell.swift in Sources */,
				AC8CDE31232540DD00CDFB93 /* LoginSignUpViewController.swift in Sources */,
				ACBBE49A233A0FE0003C67F7 /* LocationcCell.swift in Sources */,
				ACBB8172232CDD12003DCF77 /* PickUpDropOffPreferencesViewController.swift in Sources */,
				AC1FFDB723474FC700930496 /* ServicesViewController.swift in Sources */,
				ACB37263234631C900046FB3 /* ServiceCollectionViewCell.swift in Sources */,
				AC621ECD2326BCDC00AFD052 /* NetworkingManager.swift in Sources */,
				AC11D1D42336314800F1DBCB /* Colors.swift in Sources */,
				ACFBA0512338E26A00950079 /* MyLocationViewController.swift in Sources */,
				AC1FFDC22347773200930496 /* PreferencesCollectionReusableView.swift in Sources */,
				ACF0205F232E425F007559E8 /* Fonts.swift in Sources */,
				ACB37267234631EC00046FB3 /* ServicesBaseCollectionViewCell.swift in Sources */,
				AC9BCAC62324DF90009818C3 /* AppDelegate.swift in Sources */,
				ACBB8174232D09AD003DCF77 /* PreferencesTableViewCell.swift in Sources */,
				AC8CDE3C23264F4500CDFB93 /* SignUpTableViewCell.swift in Sources */,
				AC0BD3E2233B6BC7000746D1 /* NonServiceable.swift in Sources */,
				ACBAAF61233C6D7300E1E4A6 /* BannerCollectionViewCell.swift in Sources */,
			);
			runOnlyForDeploymentPostprocessing = 0;
		};
/* End PBXSourcesBuildPhase section */

/* Begin PBXVariantGroup section */
		AC9BCACE2324DF90009818C3 /* LaunchScreen.storyboard */ = {
			isa = PBXVariantGroup;
			children = (
				AC9BCACF2324DF90009818C3 /* Base */,
			);
			name = LaunchScreen.storyboard;
			sourceTree = "<group>";
		};
/* End PBXVariantGroup section */

/* Begin XCBuildConfiguration section */
		AC9BCAD22324DF90009818C3 /* Debug */ = {
			isa = XCBuildConfiguration;
			buildSettings = {
				ALWAYS_SEARCH_USER_PATHS = NO;
				CLANG_ANALYZER_NONNULL = YES;
				CLANG_ANALYZER_NUMBER_OBJECT_CONVERSION = YES_AGGRESSIVE;
				CLANG_CXX_LANGUAGE_STANDARD = "gnu++14";
				CLANG_CXX_LIBRARY = "libc++";
				CLANG_ENABLE_MODULES = YES;
				CLANG_ENABLE_OBJC_ARC = YES;
				CLANG_ENABLE_OBJC_WEAK = YES;
				CLANG_WARN_BLOCK_CAPTURE_AUTORELEASING = YES;
				CLANG_WARN_BOOL_CONVERSION = YES;
				CLANG_WARN_COMMA = YES;
				CLANG_WARN_CONSTANT_CONVERSION = YES;
				CLANG_WARN_DEPRECATED_OBJC_IMPLEMENTATIONS = YES;
				CLANG_WARN_DIRECT_OBJC_ISA_USAGE = YES_ERROR;
				CLANG_WARN_DOCUMENTATION_COMMENTS = YES;
				CLANG_WARN_EMPTY_BODY = YES;
				CLANG_WARN_ENUM_CONVERSION = YES;
				CLANG_WARN_INFINITE_RECURSION = YES;
				CLANG_WARN_INT_CONVERSION = YES;
				CLANG_WARN_NON_LITERAL_NULL_CONVERSION = YES;
				CLANG_WARN_OBJC_IMPLICIT_RETAIN_SELF = YES;
				CLANG_WARN_OBJC_LITERAL_CONVERSION = YES;
				CLANG_WARN_OBJC_ROOT_CLASS = YES_ERROR;
				CLANG_WARN_RANGE_LOOP_ANALYSIS = YES;
				CLANG_WARN_STRICT_PROTOTYPES = YES;
				CLANG_WARN_SUSPICIOUS_MOVE = YES;
				CLANG_WARN_UNGUARDED_AVAILABILITY = YES_AGGRESSIVE;
				CLANG_WARN_UNREACHABLE_CODE = YES;
				CLANG_WARN__DUPLICATE_METHOD_MATCH = YES;
				CODE_SIGN_IDENTITY = "iPhone Developer";
				COPY_PHASE_STRIP = NO;
				DEBUG_INFORMATION_FORMAT = dwarf;
				ENABLE_STRICT_OBJC_MSGSEND = YES;
				ENABLE_TESTABILITY = YES;
				GCC_C_LANGUAGE_STANDARD = gnu11;
				GCC_DYNAMIC_NO_PIC = NO;
				GCC_NO_COMMON_BLOCKS = YES;
				GCC_OPTIMIZATION_LEVEL = 0;
				GCC_PREPROCESSOR_DEFINITIONS = (
					"DEBUG=1",
					"$(inherited)",
				);
				GCC_WARN_64_TO_32_BIT_CONVERSION = YES;
				GCC_WARN_ABOUT_RETURN_TYPE = YES_ERROR;
				GCC_WARN_UNDECLARED_SELECTOR = YES;
				GCC_WARN_UNINITIALIZED_AUTOS = YES_AGGRESSIVE;
				GCC_WARN_UNUSED_FUNCTION = YES;
				GCC_WARN_UNUSED_VARIABLE = YES;
				IPHONEOS_DEPLOYMENT_TARGET = 10.0;
				MTL_ENABLE_DEBUG_INFO = INCLUDE_SOURCE;
				MTL_FAST_MATH = YES;
				ONLY_ACTIVE_ARCH = YES;
				SDKROOT = iphoneos;
				SWIFT_ACTIVE_COMPILATION_CONDITIONS = DEBUG;
				SWIFT_OPTIMIZATION_LEVEL = "-Onone";
			};
			name = Debug;
		};
		AC9BCAD32324DF90009818C3 /* Release */ = {
			isa = XCBuildConfiguration;
			buildSettings = {
				ALWAYS_SEARCH_USER_PATHS = NO;
				CLANG_ANALYZER_NONNULL = YES;
				CLANG_ANALYZER_NUMBER_OBJECT_CONVERSION = YES_AGGRESSIVE;
				CLANG_CXX_LANGUAGE_STANDARD = "gnu++14";
				CLANG_CXX_LIBRARY = "libc++";
				CLANG_ENABLE_MODULES = YES;
				CLANG_ENABLE_OBJC_ARC = YES;
				CLANG_ENABLE_OBJC_WEAK = YES;
				CLANG_WARN_BLOCK_CAPTURE_AUTORELEASING = YES;
				CLANG_WARN_BOOL_CONVERSION = YES;
				CLANG_WARN_COMMA = YES;
				CLANG_WARN_CONSTANT_CONVERSION = YES;
				CLANG_WARN_DEPRECATED_OBJC_IMPLEMENTATIONS = YES;
				CLANG_WARN_DIRECT_OBJC_ISA_USAGE = YES_ERROR;
				CLANG_WARN_DOCUMENTATION_COMMENTS = YES;
				CLANG_WARN_EMPTY_BODY = YES;
				CLANG_WARN_ENUM_CONVERSION = YES;
				CLANG_WARN_INFINITE_RECURSION = YES;
				CLANG_WARN_INT_CONVERSION = YES;
				CLANG_WARN_NON_LITERAL_NULL_CONVERSION = YES;
				CLANG_WARN_OBJC_IMPLICIT_RETAIN_SELF = YES;
				CLANG_WARN_OBJC_LITERAL_CONVERSION = YES;
				CLANG_WARN_OBJC_ROOT_CLASS = YES_ERROR;
				CLANG_WARN_RANGE_LOOP_ANALYSIS = YES;
				CLANG_WARN_STRICT_PROTOTYPES = YES;
				CLANG_WARN_SUSPICIOUS_MOVE = YES;
				CLANG_WARN_UNGUARDED_AVAILABILITY = YES_AGGRESSIVE;
				CLANG_WARN_UNREACHABLE_CODE = YES;
				CLANG_WARN__DUPLICATE_METHOD_MATCH = YES;
				CODE_SIGN_IDENTITY = "iPhone Developer";
				COPY_PHASE_STRIP = NO;
				DEBUG_INFORMATION_FORMAT = "dwarf-with-dsym";
				ENABLE_NS_ASSERTIONS = NO;
				ENABLE_STRICT_OBJC_MSGSEND = YES;
				GCC_C_LANGUAGE_STANDARD = gnu11;
				GCC_NO_COMMON_BLOCKS = YES;
				GCC_WARN_64_TO_32_BIT_CONVERSION = YES;
				GCC_WARN_ABOUT_RETURN_TYPE = YES_ERROR;
				GCC_WARN_UNDECLARED_SELECTOR = YES;
				GCC_WARN_UNINITIALIZED_AUTOS = YES_AGGRESSIVE;
				GCC_WARN_UNUSED_FUNCTION = YES;
				GCC_WARN_UNUSED_VARIABLE = YES;
				IPHONEOS_DEPLOYMENT_TARGET = 10.0;
				MTL_ENABLE_DEBUG_INFO = NO;
				MTL_FAST_MATH = YES;
				SDKROOT = iphoneos;
				SWIFT_COMPILATION_MODE = wholemodule;
				SWIFT_OPTIMIZATION_LEVEL = "-O";
				VALIDATE_PRODUCT = YES;
			};
			name = Release;
		};
		AC9BCAD52324DF90009818C3 /* Debug */ = {
			isa = XCBuildConfiguration;
			baseConfigurationReference = 8586EAD9160E1C7AF19C483B /* Pods-NimNim.debug.xcconfig */;
			buildSettings = {
				ASSETCATALOG_COMPILER_APPICON_NAME = AppIcon;
				CODE_SIGN_STYLE = Automatic;
				DEVELOPMENT_TEAM = 7XD5BPZZ65;
				INFOPLIST_FILE = NimNim/Info.plist;
				IPHONEOS_DEPLOYMENT_TARGET = 10.0;
				LD_RUNPATH_SEARCH_PATHS = (
					"$(inherited)",
					"@executable_path/Frameworks",
				);
				PRODUCT_BUNDLE_IDENTIFIER = com.getNimNim.NimNim;
				PRODUCT_NAME = "$(TARGET_NAME)";
				SWIFT_VERSION = 5.0;
				TARGETED_DEVICE_FAMILY = "1,2";
			};
			name = Debug;
		};
		AC9BCAD62324DF90009818C3 /* Release */ = {
			isa = XCBuildConfiguration;
			baseConfigurationReference = 0D6B59115C1D4D6265172DCA /* Pods-NimNim.release.xcconfig */;
			buildSettings = {
				ASSETCATALOG_COMPILER_APPICON_NAME = AppIcon;
				CODE_SIGN_STYLE = Automatic;
				DEVELOPMENT_TEAM = 7XD5BPZZ65;
				INFOPLIST_FILE = NimNim/Info.plist;
				IPHONEOS_DEPLOYMENT_TARGET = 10.0;
				LD_RUNPATH_SEARCH_PATHS = (
					"$(inherited)",
					"@executable_path/Frameworks",
				);
				PRODUCT_BUNDLE_IDENTIFIER = com.getNimNim.NimNim;
				PRODUCT_NAME = "$(TARGET_NAME)";
				SWIFT_VERSION = 5.0;
				TARGETED_DEVICE_FAMILY = "1,2";
			};
			name = Release;
		};
/* End XCBuildConfiguration section */

/* Begin XCConfigurationList section */
		AC9BCABD2324DF90009818C3 /* Build configuration list for PBXProject "NimNim" */ = {
			isa = XCConfigurationList;
			buildConfigurations = (
				AC9BCAD22324DF90009818C3 /* Debug */,
				AC9BCAD32324DF90009818C3 /* Release */,
			);
			defaultConfigurationIsVisible = 0;
			defaultConfigurationName = Release;
		};
		AC9BCAD42324DF90009818C3 /* Build configuration list for PBXNativeTarget "NimNim" */ = {
			isa = XCConfigurationList;
			buildConfigurations = (
				AC9BCAD52324DF90009818C3 /* Debug */,
				AC9BCAD62324DF90009818C3 /* Release */,
			);
			defaultConfigurationIsVisible = 0;
			defaultConfigurationName = Release;
		};
/* End XCConfigurationList section */
	};
	rootObject = AC9BCABA2324DF90009818C3 /* Project object */;
}
